
Microsoft Visual Studio Solution File, Format Version 12.00
# Visual Studio Version 17
VisualStudioVersion = 17.5.33627.172
MinimumVisualStudioVersion = 10.0.40219.1
Project("{FAE04EC0-301F-11D3-BF4B-00C04F79EFBC}") = "dinamikMenu", "dinamikMenu\dinamikMenu.csproj", "{0A724263-3778-4212-A101-70B9D59F435C}"
EndProject
Global
	GlobalSection(SolutionConfigurationPlatforms) = preSolution
		Debug|Any CPU = Debug|Any CPU
		Release|Any CPU = Release|Any CPU
	EndGlobalSection
	GlobalSection(ProjectConfigurationPlatforms) = postSolution
		{0A724263-3778-4212-A101-70B9D59F435C}.Debug|Any CPU.ActiveCfg = Debug|Any CPU
		{0A724263-3778-4212-A101-70B9D59F435C}.Debug|Any CPU.Build.0 = Debug|Any CPU
		{0A724263-3778-4212-A101-70B9D59F435C}.Release|Any CPU.ActiveCfg = Release|Any CPU
		{0A724263-3778-4212-A101-70B9D59F435C}.Release|Any CPU.Build.0 = Release|Any CPU
	EndGlobalSection
	GlobalSection(SolutionProperties) = preSolution
		HideSolutionNode = FALSE
	EndGlobalSection
	GlobalSection(ExtensibilityGlobals) = postSolution
		SolutionGuid = {AEC6C972-6CE2-458E-8DA9-6EA50B3369E8}
	EndGlobalSection
EndGlobal
